
Microsoft Visual Studio Solution File, Format Version 12.00
# Visual Studio Version 17
VisualStudioVersion = 17.5.33424.131
MinimumVisualStudioVersion = 10.0.40219.1
Project("{FAE04EC0-301F-11D3-BF4B-00C04F79EFBC}") = "QLTour", "QLTour\QLTour.csproj", "{D381345D-0E13-4FB2-8017-D9F91CB75C71}"
EndProject
Global
	GlobalSection(SolutionConfigurationPlatforms) = preSolution
		Debug|Any CPU = Debug|Any CPU
		Release|Any CPU = Release|Any CPU
	EndGlobalSection
	GlobalSection(ProjectConfigurationPlatforms) = postSolution
		{D381345D-0E13-4FB2-8017-D9F91CB75C71}.Debug|Any CPU.ActiveCfg = Debug|Any CPU
		{D381345D-0E13-4FB2-8017-D9F91CB75C71}.Debug|Any CPU.Build.0 = Debug|Any CPU
		{D381345D-0E13-4FB2-8017-D9F91CB75C71}.Release|Any CPU.ActiveCfg = Release|Any CPU
		{D381345D-0E13-4FB2-8017-D9F91CB75C71}.Release|Any CPU.Build.0 = Release|Any CPU
	EndGlobalSection
	GlobalSection(SolutionProperties) = preSolution
		HideSolutionNode = FALSE
	EndGlobalSection
	GlobalSection(ExtensibilityGlobals) = postSolution
		SolutionGuid = {F88B44F9-AE57-4238-9E35-3B4DEC2F3AFC}
	EndGlobalSection
EndGlobal
